
Microsoft Visual Studio Solution File, Format Version 12.00
# Visual Studio Version 17
VisualStudioVersion = 17.3.32611.2
MinimumVisualStudioVersion = 10.0.40219.1
Project("{FAE04EC0-301F-11D3-BF4B-00C04F79EFBC}") = "AIHR.Space", "AIHR.Space.csproj", "{4DF5DB1F-F9FA-472C-AB23-F1A602321BBA}"
EndProject
Global
	GlobalSection(SolutionConfigurationPlatforms) = preSolution
		Debug|Any CPU = Debug|Any CPU
		Release|Any CPU = Release|Any CPU
	EndGlobalSection
	GlobalSection(ProjectConfigurationPlatforms) = postSolution
		{4DF5DB1F-F9FA-472C-AB23-F1A602321BBA}.Debug|Any CPU.ActiveCfg = Debug|Any CPU
		{4DF5DB1F-F9FA-472C-AB23-F1A602321BBA}.Debug|Any CPU.Build.0 = Debug|Any CPU
		{4DF5DB1F-F9FA-472C-AB23-F1A602321BBA}.Release|Any CPU.ActiveCfg = Release|Any CPU
		{4DF5DB1F-F9FA-472C-AB23-F1A602321BBA}.Release|Any CPU.Build.0 = Release|Any CPU
	EndGlobalSection
	GlobalSection(SolutionProperties) = preSolution
		HideSolutionNode = FALSE
	EndGlobalSection
	GlobalSection(ExtensibilityGlobals) = postSolution
		SolutionGuid = {058A5281-49D7-443D-A6BC-0DD8C440B1D2}
	EndGlobalSection
EndGlobal
